<?xml version="1.0" encoding="UTF-8" standalone="yes" ?>
<CodeBlocks_project_file>
	<FileVersion major="1" minor="6" />
	<Project>
		<Option title="Drones" />
		<Option pch_mode="2" />
		<Option compiler="gcc" />
		<Build>
			<Target title="Debug">
				<Option output="bin/Debug/Drones" prefix_auto="1" extension_auto="1" />
				<Option object_output="obj/Debug/" />
				<Option type="1" />
				<Option compiler="gcc" />
				<Compiler>
					<Add option="-g" />
					<Add directory="include" />
				</Compiler>
				<Linker>
					<Add option="-lSDL_image" />
					<Add library="GL" />
					<Add library="GLU" />
					<Add library="SDL" />
				</Linker>
			</Target>
			<Target title="Release">
				<Option output="bin/Release/Drones" prefix_auto="1" extension_auto="1" />
				<Option object_output="obj/Release/" />
				<Option type="0" />
				<Option compiler="gcc" />
				<Compiler>
					<Add option="-O2" />
					<Add directory="include" />
				</Compiler>
				<Linker>
					<Add option="-s" />
					<Add library="GL" />
					<Add library="GLU" />
					<Add library="SDL" />
				</Linker>
			</Target>
		</Build>
		<Compiler>
			<Add option="-Wall" />
			<Add option="`sdl-config --cflags`" />
		</Compiler>
		<Linker>
			<Add option="`sdl-config --libs`" />
			<Add library="GL" />
			<Add library="GLU" />
			<Add library="SDL" />
		</Linker>
		<Unit filename="cb.bmp" />
		<Unit filename="include/Affichage.h" />
		<Unit filename="include/Capteur.h" />
		<Unit filename="include/Comportement.h" />
		<Unit filename="include/Cubique.h" />
		<Unit filename="include/Dlite.h" />
		<Unit filename="include/Drone.h" />
		<Unit filename="include/Environnement.h" />
		<Unit filename="include/Essaim.h" />
		<Unit filename="include/Formation.h" />
		<Unit filename="include/Naif.h" />
		<Unit filename="include/Obstacle.h" />
		<Unit filename="include/Pyramidale.h" />
		<Unit filename="include/VecteurR3.h" />
		<Unit filename="include/sdlglutils.h" />
		<Unit filename="include/trackballcamera.h" />
		<Unit filename="src/Affichage.cpp" />
		<Unit filename="src/Capteur.cpp" />
		<Unit filename="src/Comportement.cpp" />
		<Unit filename="src/Cubique.cpp" />
		<Unit filename="src/Dlite.cpp" />
		<Unit filename="src/Drone.cpp" />
		<Unit filename="src/Environnement.cpp" />
		<Unit filename="src/Essaim.cpp" />
		<Unit filename="src/Formation.cpp" />
		<Unit filename="src/Naif.cpp" />
		<Unit filename="src/Obstacle.cpp" />
		<Unit filename="src/Pyramidale.cpp" />
		<Unit filename="src/VecteurR3.cpp" />
		<Unit filename="src/main.cpp" />
		<Unit filename="src/sdlglutils.cpp" />
		<Unit filename="src/trackballcamera.cpp" />
		<Extensions>
			<code_completion />
			<debugger />
		</Extensions>
	</Project>
</CodeBlocks_project_file>